// !$*UTF8*$!
{
	archiveVersion = 1;
	classes = {
	};
	objectVersion = 50;
	objects = {

/* Begin PBXBuildFile section */
		529A325A258DB21B00EE8ECB /* AppDelegate.swift in Sources */ = {isa = PBXBuildFile; fileRef = 529A3259258DB21B00EE8ECB /* AppDelegate.swift */; };
		529A325C258DB21B00EE8ECB /* SceneDelegate.swift in Sources */ = {isa = PBXBuildFile; fileRef = 529A325B258DB21B00EE8ECB /* SceneDelegate.swift */; };
		529A3261258DB21B00EE8ECB /* Main.storyboard in Resources */ = {isa = PBXBuildFile; fileRef = 529A325F258DB21B00EE8ECB /* Main.storyboard */; };
		529A3263258DB21C00EE8ECB /* Assets.xcassets in Resources */ = {isa = PBXBuildFile; fileRef = 529A3262258DB21C00EE8ECB /* Assets.xcassets */; };
		529A3266258DB21C00EE8ECB /* LaunchScreen.storyboard in Resources */ = {isa = PBXBuildFile; fileRef = 529A3264258DB21C00EE8ECB /* LaunchScreen.storyboard */; };
		529A3270258DB29500EE8ECB /* FilesViewController.swift in Sources */ = {isa = PBXBuildFile; fileRef = 529A326F258DB29500EE8ECB /* FilesViewController.swift */; };
		529A3273258DB8B800EE8ECB /* FilesTableViewCell.swift in Sources */ = {isa = PBXBuildFile; fileRef = 529A3272258DB8B800EE8ECB /* FilesTableViewCell.swift */; };
		529A3276258DB9A800EE8ECB /* File.swift in Sources */ = {isa = PBXBuildFile; fileRef = 529A3275258DB9A800EE8ECB /* File.swift */; };
/* End PBXBuildFile section */

/* Begin PBXFileReference section */
		529A3256258DB21B00EE8ECB /* FileView.app */ = {isa = PBXFileReference; explicitFileType = wrapper.application; includeInIndex = 0; path = FileView.app; sourceTree = BUILT_PRODUCTS_DIR; };
		529A3259258DB21B00EE8ECB /* AppDelegate.swift */ = {isa = PBXFileReference; lastKnownFileType = sourcecode.swift; path = AppDelegate.swift; sourceTree = "<group>"; };
		529A325B258DB21B00EE8ECB /* SceneDelegate.swift */ = {isa = PBXFileReference; lastKnownFileType = sourcecode.swift; path = SceneDelegate.swift; sourceTree = "<group>"; };
		529A3260258DB21B00EE8ECB /* Base */ = {isa = PBXFileReference; lastKnownFileType = file.storyboard; name = Base; path = Base.lproj/Main.storyboard; sourceTree = "<group>"; };
		529A3262258DB21C00EE8ECB /* Assets.xcassets */ = {isa = PBXFileReference; lastKnownFileType = folder.assetcatalog; path = Assets.xcassets; sourceTree = "<group>"; };
		529A3265258DB21C00EE8ECB /* Base */ = {isa = PBXFileReference; lastKnownFileType = file.storyboard; name = Base; path = Base.lproj/LaunchScreen.storyboard; sourceTree = "<group>"; };
		529A3267258DB21C00EE8ECB /* Info.plist */ = {isa = PBXFileReference; lastKnownFileType = text.plist.xml; path = Info.plist; sourceTree = "<group>"; };
		529A326F258DB29500EE8ECB /* FilesViewController.swift */ = {isa = PBXFileReference; lastKnownFileType = sourcecode.swift; path = FilesViewController.swift; sourceTree = "<group>"; };
		529A3272258DB8B800EE8ECB /* FilesTableViewCell.swift */ = {isa = PBXFileReference; lastKnownFileType = sourcecode.swift; path = FilesTableViewCell.swift; sourceTree = "<group>"; };
		529A3275258DB9A800EE8ECB /* File.swift */ = {isa = PBXFileReference; lastKnownFileType = sourcecode.swift; path = File.swift; sourceTree = "<group>"; };
/* End PBXFileReference section */

/* Begin PBXFrameworksBuildPhase section */
		529A3253258DB21B00EE8ECB /* Frameworks */ = {
			isa = PBXFrameworksBuildPhase;
			buildActionMask = 2147483647;
			files = (
			);
			runOnlyForDeploymentPostprocessing = 0;
		};
/* End PBXFrameworksBuildPhase section */

/* Begin PBXGroup section */
		529A324D258DB21B00EE8ECB = {
			isa = PBXGroup;
			children = (
				529A3258258DB21B00EE8ECB /* FileView */,
				529A3257258DB21B00EE8ECB /* Products */,
			);
			sourceTree = "<group>";
		};
		529A3257258DB21B00EE8ECB /* Products */ = {
			isa = PBXGroup;
			children = (
				529A3256258DB21B00EE8ECB /* FileView.app */,
			);
			name = Products;
			sourceTree = "<group>";
		};
		529A3258258DB21B00EE8ECB /* FileView */ = {
			isa = PBXGroup;
			children = (
				529A3259258DB21B00EE8ECB /* AppDelegate.swift */,
				529A325B258DB21B00EE8ECB /* SceneDelegate.swift */,
				529A325F258DB21B00EE8ECB /* Main.storyboard */,
				529A3262258DB21C00EE8ECB /* Assets.xcassets */,
				529A3264258DB21C00EE8ECB /* LaunchScreen.storyboard */,
				529A3267258DB21C00EE8ECB /* Info.plist */,
				529A326F258DB29500EE8ECB /* FilesViewController.swift */,
				529A3272258DB8B800EE8ECB /* FilesTableViewCell.swift */,
				529A3275258DB9A800EE8ECB /* File.swift */,
			);
			path = FileView;
			sourceTree = "<group>";
		};
/* End PBXGroup section */

/* Begin PBXNativeTarget section */
		529A3255258DB21B00EE8ECB /* FileView */ = {
			isa = PBXNativeTarget;
			buildConfigurationList = 529A326A258DB21C00EE8ECB /* Build configuration list for PBXNativeTarget "FileView" */;
			buildPhases = (
				529A3252258DB21B00EE8ECB /* Sources */,
				529A3253258DB21B00EE8ECB /* Frameworks */,
				529A3254258DB21B00EE8ECB /* Resources */,
			);
			buildRules = (
			);
			dependencies = (
			);
			name = FileView;
			productName = FileView;
			productReference = 529A3256258DB21B00EE8ECB /* FileView.app */;
			productType = "com.apple.product-type.application";
		};
/* End PBXNativeTarget section */

/* Begin PBXProject section */
		529A324E258DB21B00EE8ECB /* Project object */ = {
			isa = PBXProject;
			attributes = {
				LastSwiftUpdateCheck = 1210;
				LastUpgradeCheck = 1210;
				TargetAttributes = {
					529A3255258DB21B00EE8ECB = {
						CreatedOnToolsVersion = 12.1;
					};
				};
			};
			buildConfigurationList = 529A3251258DB21B00EE8ECB /* Build configuration list for PBXProject "FileView" */;
			compatibilityVersion = "Xcode 9.3";
			developmentRegion = en;
			hasScannedForEncodings = 0;
			knownRegions = (
				en,
				Base,
			);
			mainGroup = 529A324D258DB21B00EE8ECB;
			productRefGroup = 529A3257258DB21B00EE8ECB /* Products */;
			projectDirPath = "";
			projectRoot = "";
			targets = (
				529A3255258DB21B00EE8ECB /* FileView */,
			);
		};
/* End PBXProject section */

/* Begin PBXResourcesBuildPhase section */
		529A3254258DB21B00EE8ECB /* Resources */ = {
			isa = PBXResourcesBuildPhase;
			buildActionMask = 2147483647;
			files = (
				529A3266258DB21C00EE8ECB /* LaunchScreen.storyboard in Resources */,
				529A3263258DB21C00EE8ECB /* Assets.xcassets in Resources */,
				529A3261258DB21B00EE8ECB /* Main.storyboard in Resources */,
			);
			runOnlyForDeploymentPostprocessing = 0;
		};
/* End PBXResourcesBuildPhase section */

/* Begin PBXSourcesBuildPhase section */
		529A3252258DB21B00EE8ECB /* Sources */ = {
			isa = PBXSourcesBuildPhase;
			buildActionMask = 2147483647;
			files = (
				529A3276258DB9A800EE8ECB /* File.swift in Sources */,
				529A325A258DB21B00EE8ECB /* AppDelegate.swift in Sources */,
				529A3273258DB8B800EE8ECB /* FilesTableViewCell.swift in Sources */,
				529A3270258DB29500EE8ECB /* FilesViewController.swift in Sources */,
				529A325C258DB21B00EE8ECB /* SceneDelegate.swift in Sources */,
			);
			runOnlyForDeploymentPostprocessing = 0;
		};
/* End PBXSourcesBuildPhase section */

/* Begin PBXVariantGroup section */
		529A325F258DB21B00EE8ECB /* Main.storyboard */ = {
			isa = PBXVariantGroup;
			children = (
				529A3260258DB21B00EE8ECB /* Base */,
			);
			name = Main.storyboard;
			sourceTree = "<group>";
		};
		529A3264258DB21C00EE8ECB /* LaunchScreen.storyboard */ = {
			isa = PBXVariantGroup;
			children = (
				529A3265258DB21C00EE8ECB /* Base */,
			);
			name = LaunchScreen.storyboard;
			sourceTree = "<group>";
		};
/* End PBXVariantGroup section */

/* Begin XCBuildConfiguration section */
		529A3268258DB21C00EE8ECB /* Debug */ = {
			isa = XCBuildConfiguration;
			buildSettings = {
				ALWAYS_SEARCH_USER_PATHS = NO;
				CLANG_ANALYZER_NONNULL = YES;
				CLANG_ANALYZER_NUMBER_OBJECT_CONVERSION = YES_AGGRESSIVE;
				CLANG_CXX_LANGUAGE_STANDARD = "gnu++14";
				CLANG_CXX_LIBRARY = "libc++";
				CLANG_ENABLE_MODULES = YES;
				CLANG_ENABLE_OBJC_ARC = YES;
				CLANG_ENABLE_OBJC_WEAK = YES;
				CLANG_WARN_BLOCK_CAPTURE_AUTORELEASING = YES;
				CLANG_WARN_BOOL_CONVERSION = YES;
				CLANG_WARN_COMMA = YES;
				CLANG_WARN_CONSTANT_CONVERSION = YES;
				CLANG_WARN_DEPRECATED_OBJC_IMPLEMENTATIONS = YES;
				CLANG_WARN_DIRECT_OBJC_ISA_USAGE = YES_ERROR;
				CLANG_WARN_DOCUMENTATION_COMMENTS = YES;
				CLANG_WARN_EMPTY_BODY = YES;
				CLANG_WARN_ENUM_CONVERSION = YES;
				CLANG_WARN_INFINITE_RECURSION = YES;
				CLANG_WARN_INT_CONVERSION = YES;
				CLANG_WARN_NON_LITERAL_NULL_CONVERSION = YES;
				CLANG_WARN_OBJC_IMPLICIT_RETAIN_SELF = YES;
				CLANG_WARN_OBJC_LITERAL_CONVERSION = YES;
				CLANG_WARN_OBJC_ROOT_CLASS = YES_ERROR;
				CLANG_WARN_QUOTED_INCLUDE_IN_FRAMEWORK_HEADER = YES;
				CLANG_WARN_RANGE_LOOP_ANALYSIS = YES;
				CLANG_WARN_STRICT_PROTOTYPES = YES;
				CLANG_WARN_SUSPICIOUS_MOVE = YES;
				CLANG_WARN_UNGUARDED_AVAILABILITY = YES_AGGRESSIVE;
				CLANG_WARN_UNREACHABLE_CODE = YES;
				CLANG_WARN__DUPLICATE_METHOD_MATCH = YES;
				COPY_PHASE_STRIP = NO;
				DEBUG_INFORMATION_FORMAT = dwarf;
				ENABLE_STRICT_OBJC_MSGSEND = YES;
				ENABLE_TESTABILITY = YES;
				GCC_C_LANGUAGE_STANDARD = gnu11;
				GCC_DYNAMIC_NO_PIC = NO;
				GCC_NO_COMMON_BLOCKS = YES;
				GCC_OPTIMIZATION_LEVEL = 0;
				GCC_PREPROCESSOR_DEFINITIONS = (
					"DEBUG=1",
					"$(inherited)",
				);
				GCC_WARN_64_TO_32_BIT_CONVERSION = YES;
				GCC_WARN_ABOUT_RETURN_TYPE = YES_ERROR;
				GCC_WARN_UNDECLARED_SELECTOR = YES;
				GCC_WARN_UNINITIALIZED_AUTOS = YES_AGGRESSIVE;
				GCC_WARN_UNUSED_FUNCTION = YES;
				GCC_WARN_UNUSED_VARIABLE = YES;
				IPHONEOS_DEPLOYMENT_TARGET = 14.1;
				MTL_ENABLE_DEBUG_INFO = INCLUDE_SOURCE;
				MTL_FAST_MATH = YES;
				ONLY_ACTIVE_ARCH = YES;
				SDKROOT = iphoneos;
				SWIFT_ACTIVE_COMPILATION_CONDITIONS = DEBUG;
				SWIFT_OPTIMIZATION_LEVEL = "-Onone";
			};
			name = Debug;
		};
		529A3269258DB21C00EE8ECB /* Release */ = {
			isa = XCBuildConfiguration;
			buildSettings = {
				ALWAYS_SEARCH_USER_PATHS = NO;
				CLANG_ANALYZER_NONNULL = YES;
				CLANG_ANALYZER_NUMBER_OBJECT_CONVERSION = YES_AGGRESSIVE;
				CLANG_CXX_LANGUAGE_STANDARD = "gnu++14";
				CLANG_CXX_LIBRARY = "libc++";
				CLANG_ENABLE_MODULES = YES;
				CLANG_ENABLE_OBJC_ARC = YES;
				CLANG_ENABLE_OBJC_WEAK = YES;
				CLANG_WARN_BLOCK_CAPTURE_AUTORELEASING = YES;
				CLANG_WARN_BOOL_CONVERSION = YES;
				CLANG_WARN_COMMA = YES;
				CLANG_WARN_CONSTANT_CONVERSION = YES;
				CLANG_WARN_DEPRECATED_OBJC_IMPLEMENTATIONS = YES;
				CLANG_WARN_DIRECT_OBJC_ISA_USAGE = YES_ERROR;
				CLANG_WARN_DOCUMENTATION_COMMENTS = YES;
				CLANG_WARN_EMPTY_BODY = YES;
				CLANG_WARN_ENUM_CONVERSION = YES;
				CLANG_WARN_INFINITE_RECURSION = YES;
				CLANG_WARN_INT_CONVERSION = YES;
				CLANG_WARN_NON_LITERAL_NULL_CONVERSION = YES;
				CLANG_WARN_OBJC_IMPLICIT_RETAIN_SELF = YES;
				CLANG_WARN_OBJC_LITERAL_CONVERSION = YES;
				CLANG_WARN_OBJC_ROOT_CLASS = YES_ERROR;
				CLANG_WARN_QUOTED_INCLUDE_IN_FRAMEWORK_HEADER = YES;
				CLANG_WARN_RANGE_LOOP_ANALYSIS = YES;
				CLANG_WARN_STRICT_PROTOTYPES = YES;
				CLANG_WARN_SUSPICIOUS_MOVE = YES;
				CLANG_WARN_UNGUARDED_AVAILABILITY = YES_AGGRESSIVE;
				CLANG_WARN_UNREACHABLE_CODE = YES;
				CLANG_WARN__DUPLICATE_METHOD_MATCH = YES;
				COPY_PHASE_STRIP = NO;
				DEBUG_INFORMATION_FORMAT = "dwarf-with-dsym";
				ENABLE_NS_ASSERTIONS = NO;
				ENABLE_STRICT_OBJC_MSGSEND = YES;
				GCC_C_LANGUAGE_STANDARD = gnu11;
				GCC_NO_COMMON_BLOCKS = YES;
				GCC_WARN_64_TO_32_BIT_CONVERSION = YES;
				GCC_WARN_ABOUT_RETURN_TYPE = YES_ERROR;
				GCC_WARN_UNDECLARED_SELECTOR = YES;
				GCC_WARN_UNINITIALIZED_AUTOS = YES_AGGRESSIVE;
				GCC_WARN_UNUSED_FUNCTION = YES;
				GCC_WARN_UNUSED_VARIABLE = YES;
				IPHONEOS_DEPLOYMENT_TARGET = 14.1;
				MTL_ENABLE_DEBUG_INFO = NO;
				MTL_FAST_MATH = YES;
				SDKROOT = iphoneos;
				SWIFT_COMPILATION_MODE = wholemodule;
				SWIFT_OPTIMIZATION_LEVEL = "-O";
				VALIDATE_PRODUCT = YES;
			};
			name = Release;
		};
		529A326B258DB21C00EE8ECB /* Debug */ = {
			isa = XCBuildConfiguration;
			buildSettings = {
				ASSETCATALOG_COMPILER_APPICON_NAME = AppIcon;
				ASSETCATALOG_COMPILER_GLOBAL_ACCENT_COLOR_NAME = AccentColor;
				CODE_SIGN_STYLE = Automatic;
				INFOPLIST_FILE = FileView/Info.plist;
				LD_RUNPATH_SEARCH_PATHS = (
					"$(inherited)",
					"@executable_path/Frameworks",
				);
				PRODUCT_BUNDLE_IDENTIFIER = com.codacityllc.FileView;
				PRODUCT_NAME = "$(TARGET_NAME)";
				SWIFT_VERSION = 5.0;
				TARGETED_DEVICE_FAMILY = "1,2";
			};
			name = Debug;
		};
		529A326C258DB21C00EE8ECB /* Release */ = {
			isa = XCBuildConfiguration;
			buildSettings = {
				ASSETCATALOG_COMPILER_APPICON_NAME = AppIcon;
				ASSETCATALOG_COMPILER_GLOBAL_ACCENT_COLOR_NAME = AccentColor;
				CODE_SIGN_STYLE = Automatic;
				INFOPLIST_FILE = FileView/Info.plist;
				LD_RUNPATH_SEARCH_PATHS = (
					"$(inherited)",
					"@executable_path/Frameworks",
				);
				PRODUCT_BUNDLE_IDENTIFIER = com.codacityllc.FileView;
				PRODUCT_NAME = "$(TARGET_NAME)";
				SWIFT_VERSION = 5.0;
				TARGETED_DEVICE_FAMILY = "1,2";
			};
			name = Release;
		};
/* End XCBuildConfiguration section */

/* Begin XCConfigurationList section */
		529A3251258DB21B00EE8ECB /* Build configuration list for PBXProject "FileView" */ = {
			isa = XCConfigurationList;
			buildConfigurations = (
				529A3268258DB21C00EE8ECB /* Debug */,
				529A3269258DB21C00EE8ECB /* Release */,
			);
			defaultConfigurationIsVisible = 0;
			defaultConfigurationName = Release;
		};
		529A326A258DB21C00EE8ECB /* Build configuration list for PBXNativeTarget "FileView" */ = {
			isa = XCConfigurationList;
			buildConfigurations = (
				529A326B258DB21C00EE8ECB /* Debug */,
				529A326C258DB21C00EE8ECB /* Release */,
			);
			defaultConfigurationIsVisible = 0;
			defaultConfigurationName = Release;
		};
/* End XCConfigurationList section */
	};
	rootObject = 529A324E258DB21B00EE8ECB /* Project object */;
}
